
Microsoft Visual Studio Solution File, Format Version 12.00
# Visual Studio Version 16
VisualStudioVersion = 16.0.29102.190
MinimumVisualStudioVersion = 10.0.40219.1
Project("{FAE04EC0-301F-11D3-BF4B-00C04F79EFBC}") = "Rolodex App React", "Rolodex App React\Rolodex App React.csproj", "{BE43AEA7-9F81-4FD4-BAFA-4310B8FB459D}"
EndProject
Global
	GlobalSection(SolutionConfigurationPlatforms) = preSolution
		Debug|Any CPU = Debug|Any CPU
		Release|Any CPU = Release|Any CPU
	EndGlobalSection
	GlobalSection(ProjectConfigurationPlatforms) = postSolution
		{BE43AEA7-9F81-4FD4-BAFA-4310B8FB459D}.Debug|Any CPU.ActiveCfg = Debug|Any CPU
		{BE43AEA7-9F81-4FD4-BAFA-4310B8FB459D}.Debug|Any CPU.Build.0 = Debug|Any CPU
		{BE43AEA7-9F81-4FD4-BAFA-4310B8FB459D}.Release|Any CPU.ActiveCfg = Release|Any CPU
		{BE43AEA7-9F81-4FD4-BAFA-4310B8FB459D}.Release|Any CPU.Build.0 = Release|Any CPU
	EndGlobalSection
	GlobalSection(SolutionProperties) = preSolution
		HideSolutionNode = FALSE
	EndGlobalSection
	GlobalSection(ExtensibilityGlobals) = postSolution
		SolutionGuid = {BDEE2875-AAC6-4018-A2D7-27F03080B747}
	EndGlobalSection
EndGlobal
